{
  "requires": true,
  "lockfileVersion": 1,
  "dependencies": {
    "svelte": {
      "version": "3.34.0",
      "resolved": "https://registry.npmjs.org/svelte/-/svelte-3.34.0.tgz",
      "integrity": "sha512-xWcaQ/J4Yd5k0UWz+ef6i5RW5WP3hNpluEI2qtTTKlMOXERHpVL509O9lIw7sgEn1JjJgTOS+lnnDj99vQ3YqQ=="
    }
  }
}
